
Microsoft Visual Studio Solution File, Format Version 12.00
# Visual Studio Version 16
VisualStudioVersion = 16.0.30804.86
MinimumVisualStudioVersion = 10.0.40219.1
Project("{FAE04EC0-301F-11D3-BF4B-00C04F79EFBC}") = "PaymentWebApi", "PaymentWebApi\PaymentWebApi.csproj", "{BC719340-113E-4DB6-A1EB-B1B1FBEF8DBF}"
EndProject
Global
	GlobalSection(SolutionConfigurationPlatforms) = preSolution
		Debug|Any CPU = Debug|Any CPU
		Release|Any CPU = Release|Any CPU
	EndGlobalSection
	GlobalSection(ProjectConfigurationPlatforms) = postSolution
		{BC719340-113E-4DB6-A1EB-B1B1FBEF8DBF}.Debug|Any CPU.ActiveCfg = Debug|Any CPU
		{BC719340-113E-4DB6-A1EB-B1B1FBEF8DBF}.Debug|Any CPU.Build.0 = Debug|Any CPU
		{BC719340-113E-4DB6-A1EB-B1B1FBEF8DBF}.Release|Any CPU.ActiveCfg = Release|Any CPU
		{BC719340-113E-4DB6-A1EB-B1B1FBEF8DBF}.Release|Any CPU.Build.0 = Release|Any CPU
	EndGlobalSection
	GlobalSection(SolutionProperties) = preSolution
		HideSolutionNode = FALSE
	EndGlobalSection
	GlobalSection(ExtensibilityGlobals) = postSolution
		SolutionGuid = {B2554CE5-B234-40EB-93A0-4F52444854DD}
	EndGlobalSection
EndGlobal
